
Microsoft Visual Studio Solution File, Format Version 12.00
# Visual Studio Version 16
VisualStudioVersion = 16.0.32413.511
MinimumVisualStudioVersion = 10.0.40219.1
Project("{9A19103F-16F7-4668-BE54-9A1E7A4F7556}") = "PhotoAlbumAPI", "PhotoAlbumAPI\PhotoAlbumAPI.csproj", "{B4EB5142-CA97-4C0A-86F8-7713162961E5}"
EndProject
Project("{FAE04EC0-301F-11D3-BF4B-00C04F79EFBC}") = "PhotoAlbumAPITests", "PhotoAlbumAPITests\PhotoAlbumAPITests.csproj", "{1CFCA513-95FA-44E8-86A7-4877F750658C}"
EndProject
Global
	GlobalSection(SolutionConfigurationPlatforms) = preSolution
		Debug|Any CPU = Debug|Any CPU
		Release|Any CPU = Release|Any CPU
	EndGlobalSection
	GlobalSection(ProjectConfigurationPlatforms) = postSolution
		{B4EB5142-CA97-4C0A-86F8-7713162961E5}.Debug|Any CPU.ActiveCfg = Debug|Any CPU
		{B4EB5142-CA97-4C0A-86F8-7713162961E5}.Debug|Any CPU.Build.0 = Debug|Any CPU
		{B4EB5142-CA97-4C0A-86F8-7713162961E5}.Release|Any CPU.ActiveCfg = Release|Any CPU
		{B4EB5142-CA97-4C0A-86F8-7713162961E5}.Release|Any CPU.Build.0 = Release|Any CPU
		{1CFCA513-95FA-44E8-86A7-4877F750658C}.Debug|Any CPU.ActiveCfg = Debug|Any CPU
		{1CFCA513-95FA-44E8-86A7-4877F750658C}.Debug|Any CPU.Build.0 = Debug|Any CPU
		{1CFCA513-95FA-44E8-86A7-4877F750658C}.Release|Any CPU.ActiveCfg = Release|Any CPU
		{1CFCA513-95FA-44E8-86A7-4877F750658C}.Release|Any CPU.Build.0 = Release|Any CPU
	EndGlobalSection
	GlobalSection(SolutionProperties) = preSolution
		HideSolutionNode = FALSE
	EndGlobalSection
	GlobalSection(ExtensibilityGlobals) = postSolution
		SolutionGuid = {C20720D8-397F-4E04-81B0-231FE43D01FD}
	EndGlobalSection
EndGlobal
